
Microsoft Visual Studio Solution File, Format Version 12.00
# Visual Studio Version 16
VisualStudioVersion = 16.0.28803.202
MinimumVisualStudioVersion = 10.0.40219.1
Project("{9A19103F-16F7-4668-BE54-9A1E7A4F7556}") = "Crux.Model", "Crux.Model\Crux.Model.csproj", "{CF8C332E-63E8-4BDC-9D84-A77E51DB5D5F}"
EndProject
Project("{9A19103F-16F7-4668-BE54-9A1E7A4F7556}") = "Crux.Data", "Crux.Data\Crux.Data.csproj", "{B04ADCCD-8382-4140-91E6-CFBD72F5B57C}"
EndProject
Project("{9A19103F-16F7-4668-BE54-9A1E7A4F7556}") = "Crux.Cloud", "Crux.Cloud\Crux.Cloud.csproj", "{3640740A-807F-42B3-B2AD-DDC5A725CACA}"
EndProject
Project("{2150E333-8FDC-42A3-9474-1A3956D46DE8}") = "Backend", "Backend", "{E61417E2-898A-4858-8748-923A16E1ADC7}"
EndProject
Project("{2150E333-8FDC-42A3-9474-1A3956D46DE8}") = "Frontend", "Frontend", "{FDA75F07-ACC1-4788-907E-AE27FAA189F2}"
EndProject
Project("{2150E333-8FDC-42A3-9474-1A3956D46DE8}") = "Tests", "Tests", "{CAF536C0-F502-430A-B155-7AAF4DBC756D}"
EndProject
Project("{9A19103F-16F7-4668-BE54-9A1E7A4F7556}") = "Crux.Prep", "Crux.Prep\Crux.Prep.csproj", "{E1D0C4C1-789A-498D-829D-42AB0C335819}"
EndProject
Project("{9A19103F-16F7-4668-BE54-9A1E7A4F7556}") = "Crux.Test", "Crux.Test\Crux.Test.csproj", "{953476A3-C7AC-43F2-94CC-FCEC1D02C32A}"
EndProject
Project("{9A19103F-16F7-4668-BE54-9A1E7A4F7556}") = "Crux.Endpoint", "Crux.Endpoint\Crux.Endpoint.csproj", "{D51AA0AE-231B-4F43-A07D-8AAB0786C592}"
EndProject
Project("{9A19103F-16F7-4668-BE54-9A1E7A4F7556}") = "Crux.App", "Crux.App\Crux.App.csproj", "{E98B7E56-737C-4454-A472-CC2DACB1AC41}"
EndProject
Global
	GlobalSection(SolutionConfigurationPlatforms) = preSolution
		Debug|Any CPU = Debug|Any CPU
		Release|Any CPU = Release|Any CPU
	EndGlobalSection
	GlobalSection(ProjectConfigurationPlatforms) = postSolution
		{CF8C332E-63E8-4BDC-9D84-A77E51DB5D5F}.Debug|Any CPU.ActiveCfg = Debug|Any CPU
		{CF8C332E-63E8-4BDC-9D84-A77E51DB5D5F}.Debug|Any CPU.Build.0 = Debug|Any CPU
		{CF8C332E-63E8-4BDC-9D84-A77E51DB5D5F}.Release|Any CPU.ActiveCfg = Release|Any CPU
		{CF8C332E-63E8-4BDC-9D84-A77E51DB5D5F}.Release|Any CPU.Build.0 = Release|Any CPU
		{B04ADCCD-8382-4140-91E6-CFBD72F5B57C}.Debug|Any CPU.ActiveCfg = Debug|Any CPU
		{B04ADCCD-8382-4140-91E6-CFBD72F5B57C}.Debug|Any CPU.Build.0 = Debug|Any CPU
		{B04ADCCD-8382-4140-91E6-CFBD72F5B57C}.Release|Any CPU.ActiveCfg = Release|Any CPU
		{B04ADCCD-8382-4140-91E6-CFBD72F5B57C}.Release|Any CPU.Build.0 = Release|Any CPU
		{3640740A-807F-42B3-B2AD-DDC5A725CACA}.Debug|Any CPU.ActiveCfg = Debug|Any CPU
		{3640740A-807F-42B3-B2AD-DDC5A725CACA}.Debug|Any CPU.Build.0 = Debug|Any CPU
		{3640740A-807F-42B3-B2AD-DDC5A725CACA}.Release|Any CPU.ActiveCfg = Release|Any CPU
		{3640740A-807F-42B3-B2AD-DDC5A725CACA}.Release|Any CPU.Build.0 = Release|Any CPU
		{E1D0C4C1-789A-498D-829D-42AB0C335819}.Debug|Any CPU.ActiveCfg = Debug|Any CPU
		{E1D0C4C1-789A-498D-829D-42AB0C335819}.Debug|Any CPU.Build.0 = Debug|Any CPU
		{E1D0C4C1-789A-498D-829D-42AB0C335819}.Release|Any CPU.ActiveCfg = Release|Any CPU
		{E1D0C4C1-789A-498D-829D-42AB0C335819}.Release|Any CPU.Build.0 = Release|Any CPU
		{953476A3-C7AC-43F2-94CC-FCEC1D02C32A}.Debug|Any CPU.ActiveCfg = Debug|Any CPU
		{953476A3-C7AC-43F2-94CC-FCEC1D02C32A}.Debug|Any CPU.Build.0 = Debug|Any CPU
		{953476A3-C7AC-43F2-94CC-FCEC1D02C32A}.Release|Any CPU.ActiveCfg = Release|Any CPU
		{953476A3-C7AC-43F2-94CC-FCEC1D02C32A}.Release|Any CPU.Build.0 = Release|Any CPU
		{D51AA0AE-231B-4F43-A07D-8AAB0786C592}.Debug|Any CPU.ActiveCfg = Debug|Any CPU
		{D51AA0AE-231B-4F43-A07D-8AAB0786C592}.Debug|Any CPU.Build.0 = Debug|Any CPU
		{D51AA0AE-231B-4F43-A07D-8AAB0786C592}.Release|Any CPU.ActiveCfg = Release|Any CPU
		{D51AA0AE-231B-4F43-A07D-8AAB0786C592}.Release|Any CPU.Build.0 = Release|Any CPU
		{E98B7E56-737C-4454-A472-CC2DACB1AC41}.Debug|Any CPU.ActiveCfg = Debug|Any CPU
		{E98B7E56-737C-4454-A472-CC2DACB1AC41}.Debug|Any CPU.Build.0 = Debug|Any CPU
		{E98B7E56-737C-4454-A472-CC2DACB1AC41}.Release|Any CPU.ActiveCfg = Release|Any CPU
		{E98B7E56-737C-4454-A472-CC2DACB1AC41}.Release|Any CPU.Build.0 = Release|Any CPU
	EndGlobalSection
	GlobalSection(SolutionProperties) = preSolution
		HideSolutionNode = FALSE
	EndGlobalSection
	GlobalSection(NestedProjects) = preSolution
		{CF8C332E-63E8-4BDC-9D84-A77E51DB5D5F} = {E61417E2-898A-4858-8748-923A16E1ADC7}
		{B04ADCCD-8382-4140-91E6-CFBD72F5B57C} = {E61417E2-898A-4858-8748-923A16E1ADC7}
		{3640740A-807F-42B3-B2AD-DDC5A725CACA} = {E61417E2-898A-4858-8748-923A16E1ADC7}
		{E1D0C4C1-789A-498D-829D-42AB0C335819} = {CAF536C0-F502-430A-B155-7AAF4DBC756D}
		{953476A3-C7AC-43F2-94CC-FCEC1D02C32A} = {CAF536C0-F502-430A-B155-7AAF4DBC756D}
		{D51AA0AE-231B-4F43-A07D-8AAB0786C592} = {E61417E2-898A-4858-8748-923A16E1ADC7}
		{E98B7E56-737C-4454-A472-CC2DACB1AC41} = {FDA75F07-ACC1-4788-907E-AE27FAA189F2}
	EndGlobalSection
	GlobalSection(ExtensibilityGlobals) = postSolution
		SolutionGuid = {85EE7122-A7B0-446C-9C6E-7ACF71CC6315}
	EndGlobalSection
EndGlobal
